
Microsoft Visual Studio Solution File, Format Version 12.00
# Visual Studio Version 16
VisualStudioVersion = 16.0.30907.101
MinimumVisualStudioVersion = 10.0.40219.1
Project("{9A19103F-16F7-4668-BE54-9A1E7A4F7556}") = "SmartPTUI", "SmartPTUI\SmartPTUI.csproj", "{89B6C34E-829A-4E00-B610-4F6EEACB731A}"
EndProject
Project("{9A19103F-16F7-4668-BE54-9A1E7A4F7556}") = "SmartPTUI.Data", "SmartPTUI.Data\SmartPTUI.Data.csproj", "{DDA1BC7F-A7FE-435D-8C1B-47C22B856A5D}"
EndProject
Project("{9A19103F-16F7-4668-BE54-9A1E7A4F7556}") = "SmartPTUI.Business", "SmartPTUI.Business\SmartPTUI.Business.csproj", "{1A0F8046-5571-48BC-BEA4-9B759C9167A0}"
EndProject
Project("{FAE04EC0-301F-11D3-BF4B-00C04F79EFBC}") = "SmartPTUI.ContentRepository", "SmartPTUI.Repository\SmartPTUI.ContentRepository.csproj", "{AB5E2116-3F67-4049-8189-33584435D12E}"
EndProject
Global
	GlobalSection(SolutionConfigurationPlatforms) = preSolution
		Debug|Any CPU = Debug|Any CPU
		Release|Any CPU = Release|Any CPU
	EndGlobalSection
	GlobalSection(ProjectConfigurationPlatforms) = postSolution
		{89B6C34E-829A-4E00-B610-4F6EEACB731A}.Debug|Any CPU.ActiveCfg = Debug|Any CPU
		{89B6C34E-829A-4E00-B610-4F6EEACB731A}.Debug|Any CPU.Build.0 = Debug|Any CPU
		{89B6C34E-829A-4E00-B610-4F6EEACB731A}.Release|Any CPU.ActiveCfg = Release|Any CPU
		{89B6C34E-829A-4E00-B610-4F6EEACB731A}.Release|Any CPU.Build.0 = Release|Any CPU
		{DDA1BC7F-A7FE-435D-8C1B-47C22B856A5D}.Debug|Any CPU.ActiveCfg = Debug|Any CPU
		{DDA1BC7F-A7FE-435D-8C1B-47C22B856A5D}.Debug|Any CPU.Build.0 = Debug|Any CPU
		{DDA1BC7F-A7FE-435D-8C1B-47C22B856A5D}.Release|Any CPU.ActiveCfg = Release|Any CPU
		{DDA1BC7F-A7FE-435D-8C1B-47C22B856A5D}.Release|Any CPU.Build.0 = Release|Any CPU
		{1A0F8046-5571-48BC-BEA4-9B759C9167A0}.Debug|Any CPU.ActiveCfg = Debug|Any CPU
		{1A0F8046-5571-48BC-BEA4-9B759C9167A0}.Debug|Any CPU.Build.0 = Debug|Any CPU
		{1A0F8046-5571-48BC-BEA4-9B759C9167A0}.Release|Any CPU.ActiveCfg = Release|Any CPU
		{1A0F8046-5571-48BC-BEA4-9B759C9167A0}.Release|Any CPU.Build.0 = Release|Any CPU
		{AB5E2116-3F67-4049-8189-33584435D12E}.Debug|Any CPU.ActiveCfg = Debug|Any CPU
		{AB5E2116-3F67-4049-8189-33584435D12E}.Debug|Any CPU.Build.0 = Debug|Any CPU
		{AB5E2116-3F67-4049-8189-33584435D12E}.Release|Any CPU.ActiveCfg = Release|Any CPU
		{AB5E2116-3F67-4049-8189-33584435D12E}.Release|Any CPU.Build.0 = Release|Any CPU
	EndGlobalSection
	GlobalSection(SolutionProperties) = preSolution
		HideSolutionNode = FALSE
	EndGlobalSection
	GlobalSection(ExtensibilityGlobals) = postSolution
		SolutionGuid = {ED361638-B89F-4040-B6E9-0A392DF27942}
	EndGlobalSection
EndGlobal
